codeberg.org/FiskFan1999/gemini v0.0.0-20220928223701-94fbc524add3 h1:CH8uVLODxg3TDx9dqYmqLjZOLlrxSyAOrBgEITBx8RQ=
codeberg.org/FiskFan1999/gemini v0.0.0-20220928223701-94fbc524add3/go.mod h1:FvkgahVOL08E07ZkFenbGsjAfoHwJlxlzxP78buSwyE=
codeberg.org/FiskFan1999/gemini v0.0.0-20220929030001-c076c90074e1 h1:Ww3MtVDfVXvN7Y2MWqlqQvgH52Sejl2IxhSxTlIfD5k=
codeberg.org/FiskFan1999/gemini v0.0.0-20220929030001-c076c90074e1/go.mod h1:FvkgahVOL08E07ZkFenbGsjAfoHwJlxlzxP78buSwyE=
codeberg.org/FiskFan1999/gemini v0.0.0-20220929093002-931876f7fb12 h1:9dSprgCUUAjZPZ6uDjaDLs2ujrBfM1NM6yKk/dM4aZU=
codeberg.org/FiskFan1999/gemini v0.0.0-20220929093002-931876f7fb12/go.mod h1:FvkgahVOL08E07ZkFenbGsjAfoHwJlxlzxP78buSwyE=
codeberg.org/FiskFan1999/gemini v0.0.0-20221010052210-d15444909e1a h1:Mn0ANbc9DIhrOW3YwZLoRNL7NAWpO/kSKvpniA9AwMU=
codeberg.org/FiskFan1999/gemini v0.0.0-20221010052210-d15444909e1a/go.mod h1:FvkgahVOL08E07ZkFenbGsjAfoHwJlxlzxP78buSwyE=
codeberg.org/FiskFan1999/gemini v0.0.0-20221010053539-12e6a93b5cd3 h1:Fto0d1c1AB0qJygeYmXQJnABy0Y7Xd3gtsZ8lwD+XiQ=
codeberg.org/FiskFan1999/gemini v0.0.0-20221010053539-12e6a93b5cd3/go.mod h1:FvkgahVOL08E07ZkFenbGsjAfoHwJlxlzxP78buSwyE=
codeberg.org/FiskFan1999/gemini v0.0.0-20221010055747-fb5d23bc68f6 h1:pCQwy8DBc0t04NxE3z7B9QoVFQ8UsJc+G2GlMrkS6ic=
codeberg.org/FiskFan1999/gemini v0.0.0-20221010055747-fb5d23bc68f6/go.mod h1:FvkgahVOL08E07ZkFenbGsjAfoHwJlxlzxP78buSwyE=
codeberg.org/FiskFan1999/gemini v0.0.0-20221010170201-ab4ab4a6a16a h1:8mPJvwZ0Ju6MAHKNarl4jQdwwH5awBf2Q9fIA3ulieg=
codeberg.org/FiskFan1999/gemini v0.0.0-20221010170201-ab4ab4a6a16a/go.mod h1:1SZCkjnrldYZ9yQr1DEzaSYUrEVmZpdSEgzJo44uEYA=
codeberg.org/FiskFan1999/gemini v0.0.0-20221010183157-37e969e9a9d4 h1:EN4XF1QhjQrR7/NATfIhY05+0lDJ0/b0xk6O+dfeRIo=
codeberg.org/FiskFan1999/gemini v0.0.0-20221010183157-37e969e9a9d4/go.mod h1:1SZCkjnrldYZ9yQr1DEzaSYUrEVmZpdSEgzJo44uEYA=
codeberg.org/FiskFan1999/gemini v0.0.0-20221014180642-6de744f8e7b0 h1:r2j25SqhLwncLMFxi7EFPuuQbHqf/DOZOKEieBWbTI8=
codeberg.org/FiskFan1999/gemini v0.0.0-20221014180642-6de744f8e7b0/go.mod h1:1SZCkjnrldYZ9yQr1DEzaSYUrEVmZpdSEgzJo44uEYA=
github.com/BurntSushi/toml v1.2.0 h1:Rt8g24XnyGTyglgET/PRUNlrUeu9F5L+7FilkXfZgs0=
github.com/BurntSushi/toml v1.2.0/go.mod h1:CxXYINrC8qIiEnFrOxCa7Jy5BFHlXnUU2pbicEuybxQ=
github.com/coinpaprika/ratelimiter v0.2.1 h1:bng1NJ4CvGcLyksdRLoDzWoURISYV5O95XPS/gS2FJc=
github.com/coinpaprika/ratelimiter v0.2.1/go.mod h1:kM1nyPuy2WiAjo7nCOCxMF+0xR6tzcrl1bVgiyPvx5g=
github.com/davecgh/go-spew v1.1.0/go.mod h1:J7Y8YcW2NihsgmVo/mv3lAwl/skON4iLHjSsI+c5H38=
github.com/davrux/go-smtptester v0.0.0-20211115065314-2bb8bf1cc76a h1:LtHBOteNU3iOPfcuvHnmm5yILGC5HwYq2hRsZ0rfkuA=
github.com/davrux/go-smtptester v0.0.0-20211115065314-2bb8bf1cc76a/go.mod h1:PSJtv9vBNX9nmBM4uE/leetaNumR+PBp7iY94gq2TYs=
github.com/emersion/go-sasl v0.0.0-20200509203442-7bfe0ed36a21 h1:OJyUGMJTzHTd1XQp98QTaHernxMYzRaOasRir9hUlFQ=
github.com/emersion/go-sasl v0.0.0-20200509203442-7bfe0ed36a21/go.mod h1:iL2twTeMvZnrg54ZoPDNfJaJaqy0xIQFuBdrLsmspwQ=
github.com/emersion/go-smtp v0.15.0 h1:3+hMGMGrqP/lqd7qoxZc1hTU8LY8gHV9RFGWlqSDmP8=
github.com/emersion/go-smtp v0.15.0/go.mod h1:qm27SGYgoIPRot6ubfQ/GpiPy/g3PaZAVRxiO/sDUgQ=
github.com/google/go-cmp v0.5.9 h1:O2Tfq5qg4qc4AmwVlvv0oLiVAGB7enBSJ2x2DqQFi38=
github.com/google/go-cmp v0.5.9/go.mod h1:17dUlkBOakJ0+DkrSSNjCkIjxS6bF9zb3elmeNGIjoY=
github.com/hako/durafmt v0.0.0-20210608085754-5c1018a4e16b h1:wDUNC2eKiL35DbLvsDhiblTUXHxcOPwQSCzi7xpQUN4=
github.com/hako/durafmt v0.0.0-20210608085754-5c1018a4e16b/go.mod h1:VzxiSdG6j1pi7rwGm/xYI5RbtpBgM8sARDXlvEvxlu0=
github.com/jordan-wright/email v4.0.1-0.20210109023952-943e75fe5223+incompatible h1:jdpOPRN1zP63Td1hDQbZW73xKmzDvZHzVdNYxhnTMDA=
github.com/jordan-wright/email v4.0.1-0.20210109023952-943e75fe5223+incompatible/go.mod h1:1c7szIrayyPPB/987hsnvNzLushdWf4o/79s3P08L8A=
github.com/madflojo/testcerts v1.0.1 h1:xmbYLD84jwPwNw1VV6D7Y3/65CBeQrrYLTfPhQlliwg=
github.com/madflojo/testcerts v1.0.1/go.mod h1:T5PJM4oV+jpa92XtqylOuiQvI27e5UwS2i/DqSwV+bo=
github.com/pmezard/go-difflib v1.0.0/go.mod h1:iKH77koFhYxTK1pcRnkKkqfTogsbg7gZNVY4sRDYZ/4=
github.com/spf13/pflag v1.0.5 h1:iy+VFUOCP1a+8yFto/drg2CJ5u0yRoB7fZw3DKv/JXA=
github.com/spf13/pflag v1.0.5/go.mod h1:McXfInJRrz4CZXVZOBLb0bTZqETkiAhM9Iw0y3An2Bg=
github.com/stretchr/objx v0.1.0/go.mod h1:HFkY916IF+rwdDfMAkV7OtwuqBVzrE8GR6GFx+wExME=
github.com/stretchr/testify v1.3.0/go.mod h1:M5WIy9Dh21IEIfnGCwXGc5bZfKNJtfHm1UVUgZn+9EI=
go.etcd.io/bbolt v1.3.6 h1:/ecaJf0sk1l4l6V4awd65v2C3ILy7MSj+s/x1ADCIMU=
go.etcd.io/bbolt v1.3.6/go.mod h1:qXsaaIqmgQH0T+OPdb99Bf+PKfBBQVAdyD6TY9G8XM4=
golang.org/x/crypto v0.0.0-20220924013350-4ba4fb4dd9e7 h1:WJywXQVIb56P2kAvXeMGTIgQ1ZHQxR60+F9dLsodECc=
golang.org/x/crypto v0.0.0-20220924013350-4ba4fb4dd9e7/go.mod h1:IxCIyHEi3zRg3s0A5j5BB6A9Jmi73HwBIUl50j+osU4=
golang.org/x/sys v0.0.0-20200923182605-d9f96fdee20d h1:L/IKR6COd7ubZrs2oTnTi73IhgqJ71c9s80WsQnh0Es=
golang.org/x/sys v0.0.0-20200923182605-d9f96fdee20d/go.mod h1:h1NjWce9XRLGQEsW7wpKNCjG9DtNlClVuFLEZdDNbEs=
golang.org/x/sys v0.0.0-20220919091848-fb04ddd9f9c8 h1:h+EGohizhe9XlX18rfpa8k8RAc5XyaeamM+0VHRd4lc=
golang.org/x/sys v0.0.0-20220919091848-fb04ddd9f9c8/go.mod h1:oPkhp1MJrh7nUepCBck5+mAzfO9JrbApNNgaTdGDITg=
golang.org/x/sys v0.0.0-20221010160319-abe0a0adba9c h1:HrzHaDANRim3rGzWYCr7M3sX225iVkbhOmo/pzs+1kQ=
golang.org/x/sys v0.0.0-20221010160319-abe0a0adba9c/go.mod h1:oPkhp1MJrh7nUepCBck5+mAzfO9JrbApNNgaTdGDITg=
